
Microsoft Visual Studio Solution File, Format Version 12.00
# Visual Studio Version 16
VisualStudioVersion = 16.0.31112.23
MinimumVisualStudioVersion = 10.0.40219.1
Project("{FAE04EC0-301F-11D3-BF4B-00C04F79EFBC}") = "Kebab", "..\Kebab\Kebab.csproj", "{2B42F238-278C-44B2-A379-05F2CAB2EEF3}"
EndProject
Global
	GlobalSection(SolutionConfigurationPlatforms) = preSolution
		Debug|Any CPU = Debug|Any CPU
		Release|Any CPU = Release|Any CPU
	EndGlobalSection
	GlobalSection(ProjectConfigurationPlatforms) = postSolution
		{2B42F238-278C-44B2-A379-05F2CAB2EEF3}.Debug|Any CPU.ActiveCfg = Debug|Any CPU
		{2B42F238-278C-44B2-A379-05F2CAB2EEF3}.Debug|Any CPU.Build.0 = Debug|Any CPU
		{2B42F238-278C-44B2-A379-05F2CAB2EEF3}.Release|Any CPU.ActiveCfg = Release|Any CPU
		{2B42F238-278C-44B2-A379-05F2CAB2EEF3}.Release|Any CPU.Build.0 = Release|Any CPU
	EndGlobalSection
	GlobalSection(SolutionProperties) = preSolution
		HideSolutionNode = FALSE
	EndGlobalSection
	GlobalSection(ExtensibilityGlobals) = postSolution
		SolutionGuid = {B5D3C7A0-DFDD-49A7-BD8B-75C859A3325E}
	EndGlobalSection
EndGlobal
